// !$*UTF8*$!
{
	archiveVersion = 1;
	classes = {
	};
	objectVersion = 55;
	objects = {

/* Begin PBXBuildFile section */
		A84FE4B42774C3800075218D /* CryptoTrackerApp.swift in Sources */ = {isa = PBXBuildFile; fileRef = A84FE4B32774C3800075218D /* CryptoTrackerApp.swift */; };
		A84FE4B82774C3810075218D /* Assets.xcassets in Resources */ = {isa = PBXBuildFile; fileRef = A84FE4B72774C3810075218D /* Assets.xcassets */; };
		A84FE4BB2774C3810075218D /* Preview Assets.xcassets in Resources */ = {isa = PBXBuildFile; fileRef = A84FE4BA2774C3810075218D /* Preview Assets.xcassets */; };
		A8656B20277A11F1006045D0 /* Double+Extensions.swift in Sources */ = {isa = PBXBuildFile; fileRef = A8656B1F277A11F1006045D0 /* Double+Extensions.swift */; };
		A873A0D727786877009B0D34 /* Color+Extensions.swift in Sources */ = {isa = PBXBuildFile; fileRef = A873A0D627786877009B0D34 /* Color+Extensions.swift */; };
		A873A0DC27788189009B0D34 /* HomeView.swift in Sources */ = {isa = PBXBuildFile; fileRef = A873A0DB27788189009B0D34 /* HomeView.swift */; };
		A873A0DE27788286009B0D34 /* CircularButtonView.swift in Sources */ = {isa = PBXBuildFile; fileRef = A873A0DD27788286009B0D34 /* CircularButtonView.swift */; };
		A873A0E0277897FB009B0D34 /* CircularButtonAnimationView.swift in Sources */ = {isa = PBXBuildFile; fileRef = A873A0DF277897FB009B0D34 /* CircularButtonAnimationView.swift */; };
		A873A0E227789D25009B0D34 /* HomeHeader.swift in Sources */ = {isa = PBXBuildFile; fileRef = A873A0E127789D25009B0D34 /* HomeHeader.swift */; };
		A873A0E52778B413009B0D34 /* CoinModel.swift in Sources */ = {isa = PBXBuildFile; fileRef = A873A0E42778B413009B0D34 /* CoinModel.swift */; };
		A89968942779FC3F00CD42C8 /* CoinRowView.swift in Sources */ = {isa = PBXBuildFile; fileRef = A89968932779FC3F00CD42C8 /* CoinRowView.swift */; };
		A89968962779FD9400CD42C8 /* PreviewProvider+Extensions.swift in Sources */ = {isa = PBXBuildFile; fileRef = A89968952779FD9400CD42C8 /* PreviewProvider+Extensions.swift */; };
		A8AC6D21277B4E44006EB094 /* HomeViewModel.swift in Sources */ = {isa = PBXBuildFile; fileRef = A8AC6D20277B4E44006EB094 /* HomeViewModel.swift */; };
		A8DE80E9277CB215007347CC /* CoinDataService.swift in Sources */ = {isa = PBXBuildFile; fileRef = A8DE80E8277CB215007347CC /* CoinDataService.swift */; };
/* End PBXBuildFile section */

/* Begin PBXFileReference section */
		A84FE4B02774C3800075218D /* Crypto Tracker.app */ = {isa = PBXFileReference; explicitFileType = wrapper.application; includeInIndex = 0; path = "Crypto Tracker.app"; sourceTree = BUILT_PRODUCTS_DIR; };
		A84FE4B32774C3800075218D /* CryptoTrackerApp.swift */ = {isa = PBXFileReference; lastKnownFileType = sourcecode.swift; path = CryptoTrackerApp.swift; sourceTree = "<group>"; };
		A84FE4B72774C3810075218D /* Assets.xcassets */ = {isa = PBXFileReference; lastKnownFileType = folder.assetcatalog; path = Assets.xcassets; sourceTree = "<group>"; };
		A84FE4BA2774C3810075218D /* Preview Assets.xcassets */ = {isa = PBXFileReference; lastKnownFileType = folder.assetcatalog; path = "Preview Assets.xcassets"; sourceTree = "<group>"; };
		A8656B1F277A11F1006045D0 /* Double+Extensions.swift */ = {isa = PBXFileReference; lastKnownFileType = sourcecode.swift; path = "Double+Extensions.swift"; sourceTree = "<group>"; };
		A873A0D627786877009B0D34 /* Color+Extensions.swift */ = {isa = PBXFileReference; lastKnownFileType = sourcecode.swift; path = "Color+Extensions.swift"; sourceTree = "<group>"; };
		A873A0DB27788189009B0D34 /* HomeView.swift */ = {isa = PBXFileReference; lastKnownFileType = sourcecode.swift; path = HomeView.swift; sourceTree = "<group>"; };
		A873A0DD27788286009B0D34 /* CircularButtonView.swift */ = {isa = PBXFileReference; lastKnownFileType = sourcecode.swift; path = CircularButtonView.swift; sourceTree = "<group>"; };
		A873A0DF277897FB009B0D34 /* CircularButtonAnimationView.swift */ = {isa = PBXFileReference; lastKnownFileType = sourcecode.swift; path = CircularButtonAnimationView.swift; sourceTree = "<group>"; };
		A873A0E127789D25009B0D34 /* HomeHeader.swift */ = {isa = PBXFileReference; lastKnownFileType = sourcecode.swift; path = HomeHeader.swift; sourceTree = "<group>"; };
		A873A0E42778B413009B0D34 /* CoinModel.swift */ = {isa = PBXFileReference; lastKnownFileType = sourcecode.swift; path = CoinModel.swift; sourceTree = "<group>"; };
		A89968932779FC3F00CD42C8 /* CoinRowView.swift */ = {isa = PBXFileReference; lastKnownFileType = sourcecode.swift; path = CoinRowView.swift; sourceTree = "<group>"; };
		A89968952779FD9400CD42C8 /* PreviewProvider+Extensions.swift */ = {isa = PBXFileReference; lastKnownFileType = sourcecode.swift; path = "PreviewProvider+Extensions.swift"; sourceTree = "<group>"; };
		A8AC6D20277B4E44006EB094 /* HomeViewModel.swift */ = {isa = PBXFileReference; lastKnownFileType = sourcecode.swift; path = HomeViewModel.swift; sourceTree = "<group>"; };
		A8DE80E8277CB215007347CC /* CoinDataService.swift */ = {isa = PBXFileReference; lastKnownFileType = sourcecode.swift; path = CoinDataService.swift; sourceTree = "<group>"; };
/* End PBXFileReference section */

/* Begin PBXFrameworksBuildPhase section */
		A84FE4AD2774C3800075218D /* Frameworks */ = {
			isa = PBXFrameworksBuildPhase;
			buildActionMask = 2147483647;
			files = (
			);
			runOnlyForDeploymentPostprocessing = 0;
		};
/* End PBXFrameworksBuildPhase section */

/* Begin PBXGroup section */
		A84FE4A72774C3800075218D = {
			isa = PBXGroup;
			children = (
				A84FE4B22774C3800075218D /* CryptoTracker */,
				A84FE4B12774C3800075218D /* Products */,
			);
			sourceTree = "<group>";
		};
		A84FE4B12774C3800075218D /* Products */ = {
			isa = PBXGroup;
			children = (
				A84FE4B02774C3800075218D /* Crypto Tracker.app */,
			);
			name = Products;
			sourceTree = "<group>";
		};
		A84FE4B22774C3800075218D /* CryptoTracker */ = {
			isa = PBXGroup;
			children = (
				A84FE4B32774C3800075218D /* CryptoTrackerApp.swift */,
				A84FE4B72774C3810075218D /* Assets.xcassets */,
				A873A0D827788154009B0D34 /* Core */,
				A873A0D527786850009B0D34 /* Extensions */,
				A873A0E32778B407009B0D34 /* Models */,
				A84FE4B92774C3810075218D /* Preview Content */,
				A8DE80E7277CB1F2007347CC /* Services */,
			);
			path = CryptoTracker;
			sourceTree = "<group>";
		};
		A84FE4B92774C3810075218D /* Preview Content */ = {
			isa = PBXGroup;
			children = (
				A84FE4BA2774C3810075218D /* Preview Assets.xcassets */,
			);
			path = "Preview Content";
			sourceTree = "<group>";
		};
		A873A0D527786850009B0D34 /* Extensions */ = {
			isa = PBXGroup;
			children = (
				A873A0D627786877009B0D34 /* Color+Extensions.swift */,
				A8656B1F277A11F1006045D0 /* Double+Extensions.swift */,
				A89968952779FD9400CD42C8 /* PreviewProvider+Extensions.swift */,
			);
			path = Extensions;
			sourceTree = "<group>";
		};
		A873A0D827788154009B0D34 /* Core */ = {
			isa = PBXGroup;
			children = (
				A873A0DA2778816D009B0D34 /* Components */,
				A873A0D92778815B009B0D34 /* Home */,
			);
			path = Core;
			sourceTree = "<group>";
		};
		A873A0D92778815B009B0D34 /* Home */ = {
			isa = PBXGroup;
			children = (
				A8AC6D20277B4E44006EB094 /* HomeViewModel.swift */,
				A8AC6D1F277B4E34006EB094 /* Views */,
			);
			path = Home;
			sourceTree = "<group>";
		};
		A873A0DA2778816D009B0D34 /* Components */ = {
			isa = PBXGroup;
			children = (
				A873A0DD27788286009B0D34 /* CircularButtonView.swift */,
				A873A0DF277897FB009B0D34 /* CircularButtonAnimationView.swift */,
			);
			path = Components;
			sourceTree = "<group>";
		};
		A873A0E32778B407009B0D34 /* Models */ = {
			isa = PBXGroup;
			children = (
				A873A0E42778B413009B0D34 /* CoinModel.swift */,
			);
			path = Models;
			sourceTree = "<group>";
		};
		A8AC6D1F277B4E34006EB094 /* Views */ = {
			isa = PBXGroup;
			children = (
				A873A0DB27788189009B0D34 /* HomeView.swift */,
				A873A0E127789D25009B0D34 /* HomeHeader.swift */,
				A89968932779FC3F00CD42C8 /* CoinRowView.swift */,
			);
			path = Views;
			sourceTree = "<group>";
		};
		A8DE80E7277CB1F2007347CC /* Services */ = {
			isa = PBXGroup;
			children = (
				A8DE80E8277CB215007347CC /* CoinDataService.swift */,
			);
			path = Services;
			sourceTree = "<group>";
		};
/* End PBXGroup section */

/* Begin PBXNativeTarget section */
		A84FE4AF2774C3800075218D /* CryptoTracker */ = {
			isa = PBXNativeTarget;
			buildConfigurationList = A84FE4BE2774C3810075218D /* Build configuration list for PBXNativeTarget "CryptoTracker" */;
			buildPhases = (
				A84FE4AC2774C3800075218D /* Sources */,
				A84FE4AD2774C3800075218D /* Frameworks */,
				A84FE4AE2774C3800075218D /* Resources */,
			);
			buildRules = (
			);
			dependencies = (
			);
			name = CryptoTracker;
			productName = CryptoTracker;
			productReference = A84FE4B02774C3800075218D /* Crypto Tracker.app */;
			productType = "com.apple.product-type.application";
		};
/* End PBXNativeTarget section */

/* Begin PBXProject section */
		A84FE4A82774C3800075218D /* Project object */ = {
			isa = PBXProject;
			attributes = {
				BuildIndependentTargetsInParallel = 1;
				LastSwiftUpdateCheck = 1320;
				LastUpgradeCheck = 1320;
				TargetAttributes = {
					A84FE4AF2774C3800075218D = {
						CreatedOnToolsVersion = 13.2.1;
					};
				};
			};
			buildConfigurationList = A84FE4AB2774C3800075218D /* Build configuration list for PBXProject "CryptoTracker" */;
			compatibilityVersion = "Xcode 13.0";
			developmentRegion = en;
			hasScannedForEncodings = 0;
			knownRegions = (
				en,
				Base,
			);
			mainGroup = A84FE4A72774C3800075218D;
			productRefGroup = A84FE4B12774C3800075218D /* Products */;
			projectDirPath = "";
			projectRoot = "";
			targets = (
				A84FE4AF2774C3800075218D /* CryptoTracker */,
			);
		};
/* End PBXProject section */

/* Begin PBXResourcesBuildPhase section */
		A84FE4AE2774C3800075218D /* Resources */ = {
			isa = PBXResourcesBuildPhase;
			buildActionMask = 2147483647;
			files = (
				A84FE4BB2774C3810075218D /* Preview Assets.xcassets in Resources */,
				A84FE4B82774C3810075218D /* Assets.xcassets in Resources */,
			);
			runOnlyForDeploymentPostprocessing = 0;
		};
/* End PBXResourcesBuildPhase section */

/* Begin PBXSourcesBuildPhase section */
		A84FE4AC2774C3800075218D /* Sources */ = {
			isa = PBXSourcesBuildPhase;
			buildActionMask = 2147483647;
			files = (
				A8DE80E9277CB215007347CC /* CoinDataService.swift in Sources */,
				A89968942779FC3F00CD42C8 /* CoinRowView.swift in Sources */,
				A8AC6D21277B4E44006EB094 /* HomeViewModel.swift in Sources */,
				A873A0E0277897FB009B0D34 /* CircularButtonAnimationView.swift in Sources */,
				A873A0DC27788189009B0D34 /* HomeView.swift in Sources */,
				A84FE4B42774C3800075218D /* CryptoTrackerApp.swift in Sources */,
				A8656B20277A11F1006045D0 /* Double+Extensions.swift in Sources */,
				A89968962779FD9400CD42C8 /* PreviewProvider+Extensions.swift in Sources */,
				A873A0D727786877009B0D34 /* Color+Extensions.swift in Sources */,
				A873A0DE27788286009B0D34 /* CircularButtonView.swift in Sources */,
				A873A0E227789D25009B0D34 /* HomeHeader.swift in Sources */,
				A873A0E52778B413009B0D34 /* CoinModel.swift in Sources */,
			);
			runOnlyForDeploymentPostprocessing = 0;
		};
/* End PBXSourcesBuildPhase section */

/* Begin XCBuildConfiguration section */
		A84FE4BC2774C3810075218D /* Debug */ = {
			isa = XCBuildConfiguration;
			buildSettings = {
				ALWAYS_SEARCH_USER_PATHS = NO;
				CLANG_ANALYZER_NONNULL = YES;
				CLANG_ANALYZER_NUMBER_OBJECT_CONVERSION = YES_AGGRESSIVE;
				CLANG_CXX_LANGUAGE_STANDARD = "gnu++17";
				CLANG_CXX_LIBRARY = "libc++";
				CLANG_ENABLE_MODULES = YES;
				CLANG_ENABLE_OBJC_ARC = YES;
				CLANG_ENABLE_OBJC_WEAK = YES;
				CLANG_WARN_BLOCK_CAPTURE_AUTORELEASING = YES;
				CLANG_WARN_BOOL_CONVERSION = YES;
				CLANG_WARN_COMMA = YES;
				CLANG_WARN_CONSTANT_CONVERSION = YES;
				CLANG_WARN_DEPRECATED_OBJC_IMPLEMENTATIONS = YES;
				CLANG_WARN_DIRECT_OBJC_ISA_USAGE = YES_ERROR;
				CLANG_WARN_DOCUMENTATION_COMMENTS = YES;
				CLANG_WARN_EMPTY_BODY = YES;
				CLANG_WARN_ENUM_CONVERSION = YES;
				CLANG_WARN_INFINITE_RECURSION = YES;
				CLANG_WARN_INT_CONVERSION = YES;
				CLANG_WARN_NON_LITERAL_NULL_CONVERSION = YES;
				CLANG_WARN_OBJC_IMPLICIT_RETAIN_SELF = YES;
				CLANG_WARN_OBJC_LITERAL_CONVERSION = YES;
				CLANG_WARN_OBJC_ROOT_CLASS = YES_ERROR;
				CLANG_WARN_QUOTED_INCLUDE_IN_FRAMEWORK_HEADER = YES;
				CLANG_WARN_RANGE_LOOP_ANALYSIS = YES;
				CLANG_WARN_STRICT_PROTOTYPES = YES;
				CLANG_WARN_SUSPICIOUS_MOVE = YES;
				CLANG_WARN_UNGUARDED_AVAILABILITY = YES_AGGRESSIVE;
				CLANG_WARN_UNREACHABLE_CODE = YES;
				CLANG_WARN__DUPLICATE_METHOD_MATCH = YES;
				COPY_PHASE_STRIP = NO;
				DEBUG_INFORMATION_FORMAT = dwarf;
				ENABLE_STRICT_OBJC_MSGSEND = YES;
				ENABLE_TESTABILITY = YES;
				GCC_C_LANGUAGE_STANDARD = gnu11;
				GCC_DYNAMIC_NO_PIC = NO;
				GCC_NO_COMMON_BLOCKS = YES;
				GCC_OPTIMIZATION_LEVEL = 0;
				GCC_PREPROCESSOR_DEFINITIONS = (
					"DEBUG=1",
					"$(inherited)",
				);
				GCC_WARN_64_TO_32_BIT_CONVERSION = YES;
				GCC_WARN_ABOUT_RETURN_TYPE = YES_ERROR;
				GCC_WARN_UNDECLARED_SELECTOR = YES;
				GCC_WARN_UNINITIALIZED_AUTOS = YES_AGGRESSIVE;
				GCC_WARN_UNUSED_FUNCTION = YES;
				GCC_WARN_UNUSED_VARIABLE = YES;
				IPHONEOS_DEPLOYMENT_TARGET = 15.2;
				MTL_ENABLE_DEBUG_INFO = INCLUDE_SOURCE;
				MTL_FAST_MATH = YES;
				ONLY_ACTIVE_ARCH = YES;
				SDKROOT = iphoneos;
				SWIFT_ACTIVE_COMPILATION_CONDITIONS = DEBUG;
				SWIFT_OPTIMIZATION_LEVEL = "-Onone";
			};
			name = Debug;
		};
		A84FE4BD2774C3810075218D /* Release */ = {
			isa = XCBuildConfiguration;
			buildSettings = {
				ALWAYS_SEARCH_USER_PATHS = NO;
				CLANG_ANALYZER_NONNULL = YES;
				CLANG_ANALYZER_NUMBER_OBJECT_CONVERSION = YES_AGGRESSIVE;
				CLANG_CXX_LANGUAGE_STANDARD = "gnu++17";
				CLANG_CXX_LIBRARY = "libc++";
				CLANG_ENABLE_MODULES = YES;
				CLANG_ENABLE_OBJC_ARC = YES;
				CLANG_ENABLE_OBJC_WEAK = YES;
				CLANG_WARN_BLOCK_CAPTURE_AUTORELEASING = YES;
				CLANG_WARN_BOOL_CONVERSION = YES;
				CLANG_WARN_COMMA = YES;
				CLANG_WARN_CONSTANT_CONVERSION = YES;
				CLANG_WARN_DEPRECATED_OBJC_IMPLEMENTATIONS = YES;
				CLANG_WARN_DIRECT_OBJC_ISA_USAGE = YES_ERROR;
				CLANG_WARN_DOCUMENTATION_COMMENTS = YES;
				CLANG_WARN_EMPTY_BODY = YES;
				CLANG_WARN_ENUM_CONVERSION = YES;
				CLANG_WARN_INFINITE_RECURSION = YES;
				CLANG_WARN_INT_CONVERSION = YES;
				CLANG_WARN_NON_LITERAL_NULL_CONVERSION = YES;
				CLANG_WARN_OBJC_IMPLICIT_RETAIN_SELF = YES;
				CLANG_WARN_OBJC_LITERAL_CONVERSION = YES;
				CLANG_WARN_OBJC_ROOT_CLASS = YES_ERROR;
				CLANG_WARN_QUOTED_INCLUDE_IN_FRAMEWORK_HEADER = YES;
				CLANG_WARN_RANGE_LOOP_ANALYSIS = YES;
				CLANG_WARN_STRICT_PROTOTYPES = YES;
				CLANG_WARN_SUSPICIOUS_MOVE = YES;
				CLANG_WARN_UNGUARDED_AVAILABILITY = YES_AGGRESSIVE;
				CLANG_WARN_UNREACHABLE_CODE = YES;
				CLANG_WARN__DUPLICATE_METHOD_MATCH = YES;
				COPY_PHASE_STRIP = NO;
				DEBUG_INFORMATION_FORMAT = "dwarf-with-dsym";
				ENABLE_NS_ASSERTIONS = NO;
				ENABLE_STRICT_OBJC_MSGSEND = YES;
				GCC_C_LANGUAGE_STANDARD = gnu11;
				GCC_NO_COMMON_BLOCKS = YES;
				GCC_WARN_64_TO_32_BIT_CONVERSION = YES;
				GCC_WARN_ABOUT_RETURN_TYPE = YES_ERROR;
				GCC_WARN_UNDECLARED_SELECTOR = YES;
				GCC_WARN_UNINITIALIZED_AUTOS = YES_AGGRESSIVE;
				GCC_WARN_UNUSED_FUNCTION = YES;
				GCC_WARN_UNUSED_VARIABLE = YES;
				IPHONEOS_DEPLOYMENT_TARGET = 15.2;
				MTL_ENABLE_DEBUG_INFO = NO;
				MTL_FAST_MATH = YES;
				SDKROOT = iphoneos;
				SWIFT_COMPILATION_MODE = wholemodule;
				SWIFT_OPTIMIZATION_LEVEL = "-O";
				VALIDATE_PRODUCT = YES;
			};
			name = Release;
		};
		A84FE4BF2774C3810075218D /* Debug */ = {
			isa = XCBuildConfiguration;
			buildSettings = {
				ASSETCATALOG_COMPILER_APPICON_NAME = AppIcon;
				ASSETCATALOG_COMPILER_GLOBAL_ACCENT_COLOR_NAME = AccentColor;
				CODE_SIGN_STYLE = Automatic;
				CURRENT_PROJECT_VERSION = 1;
				DEVELOPMENT_ASSET_PATHS = "\"CryptoTracker/Preview Content\"";
				DEVELOPMENT_TEAM = X4DTA8J4K7;
				ENABLE_PREVIEWS = YES;
				GENERATE_INFOPLIST_FILE = YES;
				INFOPLIST_KEY_UIApplicationSceneManifest_Generation = YES;
				INFOPLIST_KEY_UIApplicationSupportsIndirectInputEvents = YES;
				INFOPLIST_KEY_UILaunchScreen_Generation = YES;
				INFOPLIST_KEY_UISupportedInterfaceOrientations = UIInterfaceOrientationPortrait;
				INFOPLIST_KEY_UISupportedInterfaceOrientations_iPad = "UIInterfaceOrientationPortrait UIInterfaceOrientationPortraitUpsideDown UIInterfaceOrientationLandscapeLeft UIInterfaceOrientationLandscapeRight";
				INFOPLIST_KEY_UISupportedInterfaceOrientations_iPhone = "UIInterfaceOrientationPortrait UIInterfaceOrientationLandscapeLeft UIInterfaceOrientationLandscapeRight";
				LD_RUNPATH_SEARCH_PATHS = (
					"$(inherited)",
					"@executable_path/Frameworks",
				);
				MARKETING_VERSION = 1.0;
				PRODUCT_BUNDLE_IDENTIFIER = com.kakui.CryptoTracker;
				PRODUCT_NAME = "Crypto Tracker";
				SWIFT_EMIT_LOC_STRINGS = YES;
				SWIFT_VERSION = 5.0;
				TARGETED_DEVICE_FAMILY = 1;
			};
			name = Debug;
		};
		A84FE4C02774C3810075218D /* Release */ = {
			isa = XCBuildConfiguration;
			buildSettings = {
				ASSETCATALOG_COMPILER_APPICON_NAME = AppIcon;
				ASSETCATALOG_COMPILER_GLOBAL_ACCENT_COLOR_NAME = AccentColor;
				CODE_SIGN_STYLE = Automatic;
				CURRENT_PROJECT_VERSION = 1;
				DEVELOPMENT_ASSET_PATHS = "\"CryptoTracker/Preview Content\"";
				DEVELOPMENT_TEAM = X4DTA8J4K7;
				ENABLE_PREVIEWS = YES;
				GENERATE_INFOPLIST_FILE = YES;
				INFOPLIST_KEY_UIApplicationSceneManifest_Generation = YES;
				INFOPLIST_KEY_UIApplicationSupportsIndirectInputEvents = YES;
				INFOPLIST_KEY_UILaunchScreen_Generation = YES;
				INFOPLIST_KEY_UISupportedInterfaceOrientations = UIInterfaceOrientationPortrait;
				INFOPLIST_KEY_UISupportedInterfaceOrientations_iPad = "UIInterfaceOrientationPortrait UIInterfaceOrientationPortraitUpsideDown UIInterfaceOrientationLandscapeLeft UIInterfaceOrientationLandscapeRight";
				INFOPLIST_KEY_UISupportedInterfaceOrientations_iPhone = "UIInterfaceOrientationPortrait UIInterfaceOrientationLandscapeLeft UIInterfaceOrientationLandscapeRight";
				LD_RUNPATH_SEARCH_PATHS = (
					"$(inherited)",
					"@executable_path/Frameworks",
				);
				MARKETING_VERSION = 1.0;
				PRODUCT_BUNDLE_IDENTIFIER = com.kakui.CryptoTracker;
				PRODUCT_NAME = "Crypto Tracker";
				SWIFT_EMIT_LOC_STRINGS = YES;
				SWIFT_VERSION = 5.0;
				TARGETED_DEVICE_FAMILY = 1;
			};
			name = Release;
		};
/* End XCBuildConfiguration section */

/* Begin XCConfigurationList section */
		A84FE4AB2774C3800075218D /* Build configuration list for PBXProject "CryptoTracker" */ = {
			isa = XCConfigurationList;
			buildConfigurations = (
				A84FE4BC2774C3810075218D /* Debug */,
				A84FE4BD2774C3810075218D /* Release */,
			);
			defaultConfigurationIsVisible = 0;
			defaultConfigurationName = Release;
		};
		A84FE4BE2774C3810075218D /* Build configuration list for PBXNativeTarget "CryptoTracker" */ = {
			isa = XCConfigurationList;
			buildConfigurations = (
				A84FE4BF2774C3810075218D /* Debug */,
				A84FE4C02774C3810075218D /* Release */,
			);
			defaultConfigurationIsVisible = 0;
			defaultConfigurationName = Release;
		};
/* End XCConfigurationList section */
	};
	rootObject = A84FE4A82774C3800075218D /* Project object */;
}
